
Microsoft Visual Studio Solution File, Format Version 12.00
# Visual Studio Version 17
VisualStudioVersion = 17.7.34024.191
MinimumVisualStudioVersion = 10.0.40219.1
Project("{FAE04EC0-301F-11D3-BF4B-00C04F79EFBC}") = "ProiectMedii", "ProiectMedii\ProiectMedii.csproj", "{FCD17D65-0B0C-4103-993B-ABC04AEDF0EA}"
EndProject
Global
	GlobalSection(SolutionConfigurationPlatforms) = preSolution
		Debug|Any CPU = Debug|Any CPU
		Release|Any CPU = Release|Any CPU
	EndGlobalSection
	GlobalSection(ProjectConfigurationPlatforms) = postSolution
		{FCD17D65-0B0C-4103-993B-ABC04AEDF0EA}.Debug|Any CPU.ActiveCfg = Debug|Any CPU
		{FCD17D65-0B0C-4103-993B-ABC04AEDF0EA}.Debug|Any CPU.Build.0 = Debug|Any CPU
		{FCD17D65-0B0C-4103-993B-ABC04AEDF0EA}.Debug|Any CPU.Deploy.0 = Debug|Any CPU
		{FCD17D65-0B0C-4103-993B-ABC04AEDF0EA}.Release|Any CPU.ActiveCfg = Release|Any CPU
		{FCD17D65-0B0C-4103-993B-ABC04AEDF0EA}.Release|Any CPU.Build.0 = Release|Any CPU
		{FCD17D65-0B0C-4103-993B-ABC04AEDF0EA}.Release|Any CPU.Deploy.0 = Release|Any CPU
	EndGlobalSection
	GlobalSection(SolutionProperties) = preSolution
		HideSolutionNode = FALSE
	EndGlobalSection
	GlobalSection(ExtensibilityGlobals) = postSolution
		SolutionGuid = {58B79542-64B1-47D7-99C6-3197164B90F0}
	EndGlobalSection
EndGlobal
